
Microsoft Visual Studio Solution File, Format Version 12.00
# Visual Studio Version 16
VisualStudioVersion = 16.0.29709.97
MinimumVisualStudioVersion = 10.0.40219.1
Project("{FAE04EC0-301F-11D3-BF4B-00C04F79EFBC}") = "GamesWForm", "GamesWForm\GamesWForm.csproj", "{BCD1D57B-3D84-433B-8B91-4842A42ACB53}"
EndProject
Global
	GlobalSection(SolutionConfigurationPlatforms) = preSolution
		Debug|Any CPU = Debug|Any CPU
		Release|Any CPU = Release|Any CPU
	EndGlobalSection
	GlobalSection(ProjectConfigurationPlatforms) = postSolution
		{BCD1D57B-3D84-433B-8B91-4842A42ACB53}.Debug|Any CPU.ActiveCfg = Debug|Any CPU
		{BCD1D57B-3D84-433B-8B91-4842A42ACB53}.Debug|Any CPU.Build.0 = Debug|Any CPU
		{BCD1D57B-3D84-433B-8B91-4842A42ACB53}.Release|Any CPU.ActiveCfg = Release|Any CPU
		{BCD1D57B-3D84-433B-8B91-4842A42ACB53}.Release|Any CPU.Build.0 = Release|Any CPU
	EndGlobalSection
	GlobalSection(SolutionProperties) = preSolution
		HideSolutionNode = FALSE
	EndGlobalSection
	GlobalSection(ExtensibilityGlobals) = postSolution
		SolutionGuid = {BDADDB62-7598-4D29-BB6A-E8EAEC10E7A2}
	EndGlobalSection
EndGlobal
